schema: '2.0'
stages:
  data_ingestion:
    cmd: python -m src.data_ingestion
    deps:
    - path: config/params.yaml
      hash: md5
      md5: c316972af57e5312f5ff3dcb2af53ad1
      size: 354
    - path: src/data_ingestion.py
      hash: md5
      md5: 50ed87181a615df2951f4d5b45a05f81
      size: 1837
    outs:
    - path: data/processed/test.csv
      hash: md5
      md5: fc95d3b8eece392a94b3585aab5b0b56
      size: 216
    - path: data/processed/train.csv
      hash: md5
      md5: 33f17d112b5c65c7b5c031241d3a7c52
      size: 702
  train:
    cmd: python -m pipelines.training_pipeline
    deps:
    - path: config/params.yaml
      hash: md5
      md5: c316972af57e5312f5ff3dcb2af53ad1
      size: 354
    - path: data/processed/train.csv
      hash: md5
      md5: 33f17d112b5c65c7b5c031241d3a7c52
      size: 702
    - path: pipelines/training_pipeline.py
      hash: md5
      md5: 48e161ad517f118eb831b0886156cbeb
      size: 2305
    - path: src/data_preprocessing.py
      hash: md5
      md5: 776a81b7e865568ac8da464e61b5faf4
      size: 694
    - path: src/feature_engineering.py
      hash: md5
      md5: 7c51d090c6efd8bb50844382b48e14f9
      size: 1482
    - path: src/model_building.py
      hash: md5
      md5: 8d66adaa318e881794e2c2c58ec6d2c9
      size: 1106
    outs:
    - path: models/model
      hash: md5
      md5: bfd8fbd89d5dae906722e18a0ee5c335.dir
      size: 1866
      nfiles: 5
